
Microsoft Visual Studio Solution File, Format Version 12.00
# Visual Studio Version 17
VisualStudioVersion = 17.6.33801.468
MinimumVisualStudioVersion = 10.0.40219.1
Project("{8BC9CEB8-8B4A-11D0-8D11-00A0C91BC942}") = "++", "++\++.vcxproj", "{89D452D6-F8EB-4C92-8624-934377E31CD6}"
EndProject
Global
	GlobalSection(SolutionConfigurationPlatforms) = preSolution
		Debug|x64 = Debug|x64
		Debug|x86 = Debug|x86
		Release|x64 = Release|x64
		Release|x86 = Release|x86
	EndGlobalSection
	GlobalSection(ProjectConfigurationPlatforms) = postSolution
		{89D452D6-F8EB-4C92-8624-934377E31CD6}.Debug|x64.ActiveCfg = Debug|x64
		{89D452D6-F8EB-4C92-8624-934377E31CD6}.Debug|x64.Build.0 = Debug|x64
		{89D452D6-F8EB-4C92-8624-934377E31CD6}.Debug|x86.ActiveCfg = Debug|Win32
		{89D452D6-F8EB-4C92-8624-934377E31CD6}.Debug|x86.Build.0 = Debug|Win32
		{89D452D6-F8EB-4C92-8624-934377E31CD6}.Release|x64.ActiveCfg = Release|x64
		{89D452D6-F8EB-4C92-8624-934377E31CD6}.Release|x64.Build.0 = Release|x64
		{89D452D6-F8EB-4C92-8624-934377E31CD6}.Release|x86.ActiveCfg = Release|Win32
		{89D452D6-F8EB-4C92-8624-934377E31CD6}.Release|x86.Build.0 = Release|Win32
	EndGlobalSection
	GlobalSection(SolutionProperties) = preSolution
		HideSolutionNode = FALSE
	EndGlobalSection
	GlobalSection(ExtensibilityGlobals) = postSolution
		SolutionGuid = {E259188C-5178-47C9-B7C5-A779C6B0B2F0}
	EndGlobalSection
EndGlobal
